# This file is autogenerated, do not edit; changes may be undone by the next 'dep ensure'.


[[projects]]
  digest = "1:0f98f59e9a2f4070d66f0c9c39561f68fcd1dc837b22a852d28d0003aebd1b1e"
  name = "github.com/boltdb/bolt"
  packages = ["."]
  pruneopts = "UT"
  revision = "2f1ce7a837dcb8da3ec595b1dac9d0632f0f99e8"
  version = "v1.3.1"

[[projects]]
  digest = "1:ffe9824d294da03b391f44e1ae8281281b4afc1bdaa9588c9097785e3af10cec"
  name = "github.com/davecgh/go-spew"
  packages = ["spew"]
  pruneopts = "UT"
  revision = "8991bc29aa16c548c550c7ff78260e27b9ab7c73"
  version = "v1.1.1"

[[projects]]
  branch = "master"
  digest = "1:8b4352b5f579e14cea4752fa72b80bee60e6dc0b725211da5c679c63ea06f811"
  name = "github.com/gonum/blas"
  packages = [
    ".",
    "blas64",
    "native",
    "native/internal/math32",
  ]
  pruneopts = "UT"
  revision = "f22b278b28ac9805aadd613a754a60c35b24ae69"

[[projects]]
  branch = "master"
  digest = "1:d1176d30bd3703900e4c6c64d0fb2acdcfa2a880b6cca404fe2a78972bdd5a7b"
  name = "github.com/gonum/floats"
  packages = ["."]
  pruneopts = "UT"
  revision = "c233463c7e827fd71a8cdb62dfda0e98f7c39ad5"

[[projects]]
  branch = "master"
  digest = "1:9de33a3238dd6f897a94925adafe0893714dbc335fcd06a12a83cf3ea537bd8a"
  name = "github.com/gonum/internal"
  packages = [
    "asm/f32",
    "asm/f64",
  ]
  pruneopts = "UT"
  revision = "f884aa71402950fb2796dbea0d5aa9ef9cfad8ca"

[[projects]]
  branch = "master"
  digest = "1:6dbded6cebec9d9733ceb4536e26b0e27338fab169f6bf98c4877ade32c62f46"
  name = "github.com/gonum/lapack"
  packages = [
    ".",
    "lapack64",
    "native",
  ]
  pruneopts = "UT"
  revision = "e4cdc5a0bff924bb10be88482e635bd40429f65e"

[[projects]]
  branch = "master"
  digest = "1:1c6083dc3f08ff798c226a98e6cf4ae209177695b49cabdd0f6621e814a59980"
  name = "github.com/gonum/matrix"
  packages = [
    ".",
    "mat64",
  ]
  pruneopts = "UT"
  revision = "c518dec07be9a636c38a4650e217be059b5952ec"

[[projects]]
  branch = "master"
  digest = "1:39dd7ed016b24212b743779630ad7f55c342b625cdc37e3863c57c027d68e870"
  name = "github.com/gonum/stat"
  packages = ["."]
  pruneopts = "UT"
  revision = "41a0da705a5b2a95346ddc3135b60499c8d38a40"

[[projects]]
  digest = "1:cf31692c14422fa27c83a05292eb5cbe0fb2775972e8f1f8446a71549bd8980b"
  name = "github.com/pkg/errors"
  packages = ["."]
  pruneopts = "UT"
  revision = "ba968bfe8b2f7e042a574c888954fccecfa385b4"
  version = "v0.8.1"

[[projects]]
  digest = "1:0028cb19b2e4c3112225cd871870f2d9cf49b9b4276531f03438a88e94be86fe"
  name = "github.com/pmezard/go-difflib"
  packages = ["difflib"]
  pruneopts = "UT"
  revision = "792786c7400a136282c1664665ae0a8db921c6c2"
  version = "v1.0.0"

[[projects]]
  digest = "1:5110e3d4f130772fd39e6ce8208ad1955b242ccfcc8ad9d158857250579c82f4"
  name = "github.com/stretchr/testify"
  packages = [
    "assert",
    "require",
    "suite",
  ]
  pruneopts = "UT"
  revision = "f35b8ab0b5a2cef36673838d662e249dd9c94686"
  version = "v1.2.2"

[[projects]]
  branch = "master"
  digest = "1:6eb2645d74b43d9c87b51947df39f7c668a4f422cd512053f7f6f75bfaad0197"
  name = "golang.org/x/sys"
  packages = ["unix"]
  pruneopts = "UT"
  revision = "d0be0721c37eeb5299f245a996a483160fc36940"

[solve-meta]
  analyzer-name = "dep"
  analyzer-version = 1
  input-imports = [
    "github.com/boltdb/bolt",
    "github.com/gonum/stat",
    "github.com/pkg/errors",
    "github.com/stretchr/testify/assert",
    "github.com/stretchr/testify/require",
    "github.com/stretchr/testify/suite",
  ]
  solver-name = "gps-cdcl"
  solver-version = 1
